
Microsoft Visual Studio Solution File, Format Version 12.00
# Visual Studio Version 17
VisualStudioVersion = 17.10.35013.160
MinimumVisualStudioVersion = 10.0.40219.1
Project("{FAE04EC0-301F-11D3-BF4B-00C04F79EFBC}") = "UserManagementApp", "UserManagementSystem\UserManagementApp.csproj", "{C75C9EAE-7044-4296-82F5-81B94A4B06EC}"
EndProject
Global
	GlobalSection(SolutionConfigurationPlatforms) = preSolution
		Debug|Any CPU = Debug|Any CPU
		Release|Any CPU = Release|Any CPU
	EndGlobalSection
	GlobalSection(ProjectConfigurationPlatforms) = postSolution
		{C75C9EAE-7044-4296-82F5-81B94A4B06EC}.Debug|Any CPU.ActiveCfg = Debug|Any CPU
		{C75C9EAE-7044-4296-82F5-81B94A4B06EC}.Debug|Any CPU.Build.0 = Debug|Any CPU
		{C75C9EAE-7044-4296-82F5-81B94A4B06EC}.Release|Any CPU.ActiveCfg = Release|Any CPU
		{C75C9EAE-7044-4296-82F5-81B94A4B06EC}.Release|Any CPU.Build.0 = Release|Any CPU
	EndGlobalSection
	GlobalSection(SolutionProperties) = preSolution
		HideSolutionNode = FALSE
	EndGlobalSection
	GlobalSection(ExtensibilityGlobals) = postSolution
		SolutionGuid = {E8488153-5934-4C77-9085-A88F62C868F0}
	EndGlobalSection
EndGlobal
